// !$*UTF8*$!
{
	archiveVersion = 1;
	classes = {
	};
	objectVersion = 55;
	objects = {

/* Begin PBXBuildFile section */
		436276FB28B245600096E740 /* CourseItem.swift in Sources */ = {isa = PBXBuildFile; fileRef = 436276FA28B245600096E740 /* CourseItem.swift */; };
		436276FD28B246420096E740 /* CourseView.swift in Sources */ = {isa = PBXBuildFile; fileRef = 436276FC28B246420096E740 /* CourseView.swift */; };
		436276FF28B24F9F0096E740 /* Animations.swift in Sources */ = {isa = PBXBuildFile; fileRef = 436276FE28B24F9F0096E740 /* Animations.swift */; };
		43B9258A28A2565300460280 /* IOS15AppApp.swift in Sources */ = {isa = PBXBuildFile; fileRef = 43B9258928A2565300460280 /* IOS15AppApp.swift */; };
		43B9258C28A2565300460280 /* ContentView.swift in Sources */ = {isa = PBXBuildFile; fileRef = 43B9258B28A2565300460280 /* ContentView.swift */; };
		43B9258E28A2565500460280 /* Assets.xcassets in Resources */ = {isa = PBXBuildFile; fileRef = 43B9258D28A2565500460280 /* Assets.xcassets */; };
		43B9259128A2565500460280 /* Preview Assets.xcassets in Resources */ = {isa = PBXBuildFile; fileRef = 43B9259028A2565500460280 /* Preview Assets.xcassets */; };
		43B925B428A28EA900460280 /* Extensions.swift in Sources */ = {isa = PBXBuildFile; fileRef = 43B925B328A28EA900460280 /* Extensions.swift */; };
		43B925B628A29DD700460280 /* Styles.swift in Sources */ = {isa = PBXBuildFile; fileRef = 43B925B528A29DD700460280 /* Styles.swift */; };
		43B925B828A2BF1D00460280 /* AccountView.swift in Sources */ = {isa = PBXBuildFile; fileRef = 43B925B728A2BF1D00460280 /* AccountView.swift */; };
		43B925BA28A2D0E500460280 /* BlobView.swift in Sources */ = {isa = PBXBuildFile; fileRef = 43B925B928A2D0E500460280 /* BlobView.swift */; };
		43D6835A28AFF903003B6511 /* TabBar.swift in Sources */ = {isa = PBXBuildFile; fileRef = 43D6835928AFF903003B6511 /* TabBar.swift */; };
		43D6835C28AFFF37003B6511 /* Tab.swift in Sources */ = {isa = PBXBuildFile; fileRef = 43D6835B28AFFF37003B6511 /* Tab.swift */; };
		43D6835E28B128A8003B6511 /* HomeView.swift in Sources */ = {isa = PBXBuildFile; fileRef = 43D6835D28B128A8003B6511 /* HomeView.swift */; };
		43D6836528B174AF003B6511 /* FeaturedItem.swift in Sources */ = {isa = PBXBuildFile; fileRef = 43D6836428B174AF003B6511 /* FeaturedItem.swift */; };
		43D6836728B175DA003B6511 /* NavigationBar.swift in Sources */ = {isa = PBXBuildFile; fileRef = 43D6836628B175DA003B6511 /* NavigationBar.swift */; };
		43D6836928B17B3C003B6511 /* PreferenceKeys.swift in Sources */ = {isa = PBXBuildFile; fileRef = 43D6836828B17B3C003B6511 /* PreferenceKeys.swift */; };
		43D6836B28B17F21003B6511 /* AnimatableFontModifier.swift in Sources */ = {isa = PBXBuildFile; fileRef = 43D6836A28B17F21003B6511 /* AnimatableFontModifier.swift */; };
		43D6836D28B182B3003B6511 /* Course.swift in Sources */ = {isa = PBXBuildFile; fileRef = 43D6836C28B182B3003B6511 /* Course.swift */; };
		43D6836F28B211E4003B6511 /* MatchedView.swift in Sources */ = {isa = PBXBuildFile; fileRef = 43D6836E28B211E4003B6511 /* MatchedView.swift */; };
/* End PBXBuildFile section */

/* Begin PBXContainerItemProxy section */
		43B9259728A2565600460280 /* PBXContainerItemProxy */ = {
			isa = PBXContainerItemProxy;
			containerPortal = 43B9257E28A2565300460280 /* Project object */;
			proxyType = 1;
			remoteGlobalIDString = 43B9258528A2565300460280;
			remoteInfo = IOS15App;
		};
		43B925A128A2565600460280 /* PBXContainerItemProxy */ = {
			isa = PBXContainerItemProxy;
			containerPortal = 43B9257E28A2565300460280 /* Project object */;
			proxyType = 1;
			remoteGlobalIDString = 43B9258528A2565300460280;
			remoteInfo = IOS15App;
		};
/* End PBXContainerItemProxy section */

/* Begin PBXFileReference section */
		436276FA28B245600096E740 /* CourseItem.swift */ = {isa = PBXFileReference; lastKnownFileType = sourcecode.swift; path = CourseItem.swift; sourceTree = "<group>"; };
		436276FC28B246420096E740 /* CourseView.swift */ = {isa = PBXFileReference; lastKnownFileType = sourcecode.swift; path = CourseView.swift; sourceTree = "<group>"; };
		436276FE28B24F9F0096E740 /* Animations.swift */ = {isa = PBXFileReference; lastKnownFileType = sourcecode.swift; path = Animations.swift; sourceTree = "<group>"; };
		43B9258628A2565300460280 /* Hub.app */ = {isa = PBXFileReference; explicitFileType = wrapper.application; includeInIndex = 0; path = Hub.app; sourceTree = BUILT_PRODUCTS_DIR; };
		43B9258928A2565300460280 /* IOS15AppApp.swift */ = {isa = PBXFileReference; lastKnownFileType = sourcecode.swift; path = IOS15AppApp.swift; sourceTree = "<group>"; };
		43B9258B28A2565300460280 /* ContentView.swift */ = {isa = PBXFileReference; lastKnownFileType = sourcecode.swift; path = ContentView.swift; sourceTree = "<group>"; };
		43B9258D28A2565500460280 /* Assets.xcassets */ = {isa = PBXFileReference; lastKnownFileType = folder.assetcatalog; path = Assets.xcassets; sourceTree = "<group>"; };
		43B9259028A2565500460280 /* Preview Assets.xcassets */ = {isa = PBXFileReference; lastKnownFileType = folder.assetcatalog; path = "Preview Assets.xcassets"; sourceTree = "<group>"; };
		43B9259628A2565600460280 /* IOS15AppTests.xctest */ = {isa = PBXFileReference; explicitFileType = wrapper.cfbundle; includeInIndex = 0; path = IOS15AppTests.xctest; sourceTree = BUILT_PRODUCTS_DIR; };
		43B925A028A2565600460280 /* IOS15AppUITests.xctest */ = {isa = PBXFileReference; explicitFileType = wrapper.cfbundle; includeInIndex = 0; path = IOS15AppUITests.xctest; sourceTree = BUILT_PRODUCTS_DIR; };
		43B925B328A28EA900460280 /* Extensions.swift */ = {isa = PBXFileReference; lastKnownFileType = sourcecode.swift; path = Extensions.swift; sourceTree = "<group>"; };
		43B925B528A29DD700460280 /* Styles.swift */ = {isa = PBXFileReference; lastKnownFileType = sourcecode.swift; path = Styles.swift; sourceTree = "<group>"; };
		43B925B728A2BF1D00460280 /* AccountView.swift */ = {isa = PBXFileReference; lastKnownFileType = sourcecode.swift; path = AccountView.swift; sourceTree = "<group>"; };
		43B925B928A2D0E500460280 /* BlobView.swift */ = {isa = PBXFileReference; lastKnownFileType = sourcecode.swift; path = BlobView.swift; sourceTree = "<group>"; };
		43D6835928AFF903003B6511 /* TabBar.swift */ = {isa = PBXFileReference; lastKnownFileType = sourcecode.swift; path = TabBar.swift; sourceTree = "<group>"; };
		43D6835B28AFFF37003B6511 /* Tab.swift */ = {isa = PBXFileReference; lastKnownFileType = sourcecode.swift; path = Tab.swift; sourceTree = "<group>"; };
		43D6835D28B128A8003B6511 /* HomeView.swift */ = {isa = PBXFileReference; lastKnownFileType = sourcecode.swift; path = HomeView.swift; sourceTree = "<group>"; };
		43D6836428B174AF003B6511 /* FeaturedItem.swift */ = {isa = PBXFileReference; lastKnownFileType = sourcecode.swift; path = FeaturedItem.swift; sourceTree = "<group>"; };
		43D6836628B175DA003B6511 /* NavigationBar.swift */ = {isa = PBXFileReference; lastKnownFileType = sourcecode.swift; path = NavigationBar.swift; sourceTree = "<group>"; };
		43D6836828B17B3C003B6511 /* PreferenceKeys.swift */ = {isa = PBXFileReference; lastKnownFileType = sourcecode.swift; path = PreferenceKeys.swift; sourceTree = "<group>"; };
		43D6836A28B17F21003B6511 /* AnimatableFontModifier.swift */ = {isa = PBXFileReference; lastKnownFileType = sourcecode.swift; path = AnimatableFontModifier.swift; sourceTree = "<group>"; };
		43D6836C28B182B3003B6511 /* Course.swift */ = {isa = PBXFileReference; lastKnownFileType = sourcecode.swift; path = Course.swift; sourceTree = "<group>"; };
		43D6836E28B211E4003B6511 /* MatchedView.swift */ = {isa = PBXFileReference; lastKnownFileType = sourcecode.swift; path = MatchedView.swift; sourceTree = "<group>"; };
/* End PBXFileReference section */

/* Begin PBXFrameworksBuildPhase section */
		43B9258328A2565300460280 /* Frameworks */ = {
			isa = PBXFrameworksBuildPhase;
			buildActionMask = 2147483647;
			files = (
			);
			runOnlyForDeploymentPostprocessing = 0;
		};
		43B9259328A2565600460280 /* Frameworks */ = {
			isa = PBXFrameworksBuildPhase;
			buildActionMask = 2147483647;
			files = (
			);
			runOnlyForDeploymentPostprocessing = 0;
		};
		43B9259D28A2565600460280 /* Frameworks */ = {
			isa = PBXFrameworksBuildPhase;
			buildActionMask = 2147483647;
			files = (
			);
			runOnlyForDeploymentPostprocessing = 0;
		};
/* End PBXFrameworksBuildPhase section */

/* Begin PBXGroup section */
		43B9257D28A2565300460280 = {
			isa = PBXGroup;
			children = (
				43B9258828A2565300460280 /* IOS15App */,
				43B9258728A2565300460280 /* Products */,
			);
			sourceTree = "<group>";
		};
		43B9258728A2565300460280 /* Products */ = {
			isa = PBXGroup;
			children = (
				43B9258628A2565300460280 /* Hub.app */,
				43B9259628A2565600460280 /* IOS15AppTests.xctest */,
				43B925A028A2565600460280 /* IOS15AppUITests.xctest */,
			);
			name = Products;
			sourceTree = "<group>";
		};
		43B9258828A2565300460280 /* IOS15App */ = {
			isa = PBXGroup;
			children = (
				43B9258928A2565300460280 /* IOS15AppApp.swift */,
				43D6835F28B12A65003B6511 /* Navigation */,
				43D6836028B12A76003B6511 /* Views */,
				43D6836228B12ABB003B6511 /* Model */,
				43D6836328B12ADF003B6511 /* Styles */,
				43D6836128B12A91003B6511 /* Components */,
				43B9258F28A2565500460280 /* Preview Content */,
				43B9258D28A2565500460280 /* Assets.xcassets */,
			);
			path = IOS15App;
			sourceTree = "<group>";
		};
		43B9258F28A2565500460280 /* Preview Content */ = {
			isa = PBXGroup;
			children = (
				43B9259028A2565500460280 /* Preview Assets.xcassets */,
			);
			path = "Preview Content";
			sourceTree = "<group>";
		};
		43D6835F28B12A65003B6511 /* Navigation */ = {
			isa = PBXGroup;
			children = (
				43B9258B28A2565300460280 /* ContentView.swift */,
				43D6835928AFF903003B6511 /* TabBar.swift */,
				43D6836628B175DA003B6511 /* NavigationBar.swift */,
			);
			path = Navigation;
			sourceTree = "<group>";
		};
		43D6836028B12A76003B6511 /* Views */ = {
			isa = PBXGroup;
			children = (
				43D6835D28B128A8003B6511 /* HomeView.swift */,
				43B925B728A2BF1D00460280 /* AccountView.swift */,
				43D6836E28B211E4003B6511 /* MatchedView.swift */,
			);
			path = Views;
			sourceTree = "<group>";
		};
		43D6836128B12A91003B6511 /* Components */ = {
			isa = PBXGroup;
			children = (
				43B925B928A2D0E500460280 /* BlobView.swift */,
				43D6836428B174AF003B6511 /* FeaturedItem.swift */,
				436276FA28B245600096E740 /* CourseItem.swift */,
				436276FC28B246420096E740 /* CourseView.swift */,
			);
			path = Components;
			sourceTree = "<group>";
		};
		43D6836228B12ABB003B6511 /* Model */ = {
			isa = PBXGroup;
			children = (
				43D6835B28AFFF37003B6511 /* Tab.swift */,
				43D6836828B17B3C003B6511 /* PreferenceKeys.swift */,
				43D6836C28B182B3003B6511 /* Course.swift */,
			);
			path = Model;
			sourceTree = "<group>";
		};
		43D6836328B12ADF003B6511 /* Styles */ = {
			isa = PBXGroup;
			children = (
				43B925B328A28EA900460280 /* Extensions.swift */,
				43B925B528A29DD700460280 /* Styles.swift */,
				43D6836A28B17F21003B6511 /* AnimatableFontModifier.swift */,
				436276FE28B24F9F0096E740 /* Animations.swift */,
			);
			path = Styles;
			sourceTree = "<group>";
		};
/* End PBXGroup section */

/* Begin PBXNativeTarget section */
		43B9258528A2565300460280 /* IOS15App */ = {
			isa = PBXNativeTarget;
			buildConfigurationList = 43B925AA28A2565600460280 /* Build configuration list for PBXNativeTarget "IOS15App" */;
			buildPhases = (
				43B9258228A2565300460280 /* Sources */,
				43B9258328A2565300460280 /* Frameworks */,
				43B9258428A2565300460280 /* Resources */,
			);
			buildRules = (
			);
			dependencies = (
			);
			name = IOS15App;
			productName = IOS15App;
			productReference = 43B9258628A2565300460280 /* Hub.app */;
			productType = "com.apple.product-type.application";
		};
		43B9259528A2565600460280 /* IOS15AppTests */ = {
			isa = PBXNativeTarget;
			buildConfigurationList = 43B925AD28A2565600460280 /* Build configuration list for PBXNativeTarget "IOS15AppTests" */;
			buildPhases = (
				43B9259228A2565600460280 /* Sources */,
				43B9259328A2565600460280 /* Frameworks */,
				43B9259428A2565600460280 /* Resources */,
			);
			buildRules = (
			);
			dependencies = (
				43B9259828A2565600460280 /* PBXTargetDependency */,
			);
			name = IOS15AppTests;
			productName = IOS15AppTests;
			productReference = 43B9259628A2565600460280 /* IOS15AppTests.xctest */;
			productType = "com.apple.product-type.bundle.unit-test";
		};
		43B9259F28A2565600460280 /* IOS15AppUITests */ = {
			isa = PBXNativeTarget;
			buildConfigurationList = 43B925B028A2565600460280 /* Build configuration list for PBXNativeTarget "IOS15AppUITests" */;
			buildPhases = (
				43B9259C28A2565600460280 /* Sources */,
				43B9259D28A2565600460280 /* Frameworks */,
				43B9259E28A2565600460280 /* Resources */,
			);
			buildRules = (
			);
			dependencies = (
				43B925A228A2565600460280 /* PBXTargetDependency */,
			);
			name = IOS15AppUITests;
			productName = IOS15AppUITests;
			productReference = 43B925A028A2565600460280 /* IOS15AppUITests.xctest */;
			productType = "com.apple.product-type.bundle.ui-testing";
		};
/* End PBXNativeTarget section */

/* Begin PBXProject section */
		43B9257E28A2565300460280 /* Project object */ = {
			isa = PBXProject;
			attributes = {
				BuildIndependentTargetsInParallel = 1;
				LastSwiftUpdateCheck = 1340;
				LastUpgradeCheck = 1340;
				TargetAttributes = {
					43B9258528A2565300460280 = {
						CreatedOnToolsVersion = 13.4.1;
					};
					43B9259528A2565600460280 = {
						CreatedOnToolsVersion = 13.4.1;
						TestTargetID = 43B9258528A2565300460280;
					};
					43B9259F28A2565600460280 = {
						CreatedOnToolsVersion = 13.4.1;
						TestTargetID = 43B9258528A2565300460280;
					};
				};
			};
			buildConfigurationList = 43B9258128A2565300460280 /* Build configuration list for PBXProject "IOS15App" */;
			compatibilityVersion = "Xcode 13.0";
			developmentRegion = en;
			hasScannedForEncodings = 0;
			knownRegions = (
				en,
				Base,
			);
			mainGroup = 43B9257D28A2565300460280;
			productRefGroup = 43B9258728A2565300460280 /* Products */;
			projectDirPath = "";
			projectRoot = "";
			targets = (
				43B9258528A2565300460280 /* IOS15App */,
				43B9259528A2565600460280 /* IOS15AppTests */,
				43B9259F28A2565600460280 /* IOS15AppUITests */,
			);
		};
/* End PBXProject section */

/* Begin PBXResourcesBuildPhase section */
		43B9258428A2565300460280 /* Resources */ = {
			isa = PBXResourcesBuildPhase;
			buildActionMask = 2147483647;
			files = (
				43B9259128A2565500460280 /* Preview Assets.xcassets in Resources */,
				43B9258E28A2565500460280 /* Assets.xcassets in Resources */,
			);
			runOnlyForDeploymentPostprocessing = 0;
		};
		43B9259428A2565600460280 /* Resources */ = {
			isa = PBXResourcesBuildPhase;
			buildActionMask = 2147483647;
			files = (
			);
			runOnlyForDeploymentPostprocessing = 0;
		};
		43B9259E28A2565600460280 /* Resources */ = {
			isa = PBXResourcesBuildPhase;
			buildActionMask = 2147483647;
			files = (
			);
			runOnlyForDeploymentPostprocessing = 0;
		};
/* End PBXResourcesBuildPhase section */

/* Begin PBXSourcesBuildPhase section */
		43B9258228A2565300460280 /* Sources */ = {
			isa = PBXSourcesBuildPhase;
			buildActionMask = 2147483647;
			files = (
				43D6835E28B128A8003B6511 /* HomeView.swift in Sources */,
				43B9258C28A2565300460280 /* ContentView.swift in Sources */,
				436276FD28B246420096E740 /* CourseView.swift in Sources */,
				43B925B428A28EA900460280 /* Extensions.swift in Sources */,
				43B9258A28A2565300460280 /* IOS15AppApp.swift in Sources */,
				43D6836F28B211E4003B6511 /* MatchedView.swift in Sources */,
				43D6835C28AFFF37003B6511 /* Tab.swift in Sources */,
				43D6836728B175DA003B6511 /* NavigationBar.swift in Sources */,
				43B925B628A29DD700460280 /* Styles.swift in Sources */,
				43B925B828A2BF1D00460280 /* AccountView.swift in Sources */,
				43D6836D28B182B3003B6511 /* Course.swift in Sources */,
				43B925BA28A2D0E500460280 /* BlobView.swift in Sources */,
				436276FB28B245600096E740 /* CourseItem.swift in Sources */,
				43D6836528B174AF003B6511 /* FeaturedItem.swift in Sources */,
				436276FF28B24F9F0096E740 /* Animations.swift in Sources */,
				43D6836928B17B3C003B6511 /* PreferenceKeys.swift in Sources */,
				43D6835A28AFF903003B6511 /* TabBar.swift in Sources */,
				43D6836B28B17F21003B6511 /* AnimatableFontModifier.swift in Sources */,
			);
			runOnlyForDeploymentPostprocessing = 0;
		};
		43B9259228A2565600460280 /* Sources */ = {
			isa = PBXSourcesBuildPhase;
			buildActionMask = 2147483647;
			files = (
			);
			runOnlyForDeploymentPostprocessing = 0;
		};
		43B9259C28A2565600460280 /* Sources */ = {
			isa = PBXSourcesBuildPhase;
			buildActionMask = 2147483647;
			files = (
			);
			runOnlyForDeploymentPostprocessing = 0;
		};
/* End PBXSourcesBuildPhase section */

/* Begin PBXTargetDependency section */
		43B9259828A2565600460280 /* PBXTargetDependency */ = {
			isa = PBXTargetDependency;
			target = 43B9258528A2565300460280 /* IOS15App */;
			targetProxy = 43B9259728A2565600460280 /* PBXContainerItemProxy */;
		};
		43B925A228A2565600460280 /* PBXTargetDependency */ = {
			isa = PBXTargetDependency;
			target = 43B9258528A2565300460280 /* IOS15App */;
			targetProxy = 43B925A128A2565600460280 /* PBXContainerItemProxy */;
		};
/* End PBXTargetDependency section */

/* Begin XCBuildConfiguration section */
		43B925A828A2565600460280 /* Debug */ = {
			isa = XCBuildConfiguration;
			buildSettings = {
				ALWAYS_SEARCH_USER_PATHS = NO;
				CLANG_ANALYZER_NONNULL = YES;
				CLANG_ANALYZER_NUMBER_OBJECT_CONVERSION = YES_AGGRESSIVE;
				CLANG_CXX_LANGUAGE_STANDARD = "gnu++17";
				CLANG_ENABLE_MODULES = YES;
				CLANG_ENABLE_OBJC_ARC = YES;
				CLANG_ENABLE_OBJC_WEAK = YES;
				CLANG_WARN_BLOCK_CAPTURE_AUTORELEASING = YES;
				CLANG_WARN_BOOL_CONVERSION = YES;
				CLANG_WARN_COMMA = YES;
				CLANG_WARN_CONSTANT_CONVERSION = YES;
				CLANG_WARN_DEPRECATED_OBJC_IMPLEMENTATIONS = YES;
				CLANG_WARN_DIRECT_OBJC_ISA_USAGE = YES_ERROR;
				CLANG_WARN_DOCUMENTATION_COMMENTS = YES;
				CLANG_WARN_EMPTY_BODY = YES;
				CLANG_WARN_ENUM_CONVERSION = YES;
				CLANG_WARN_INFINITE_RECURSION = YES;
				CLANG_WARN_INT_CONVERSION = YES;
				CLANG_WARN_NON_LITERAL_NULL_CONVERSION = YES;
				CLANG_WARN_OBJC_IMPLICIT_RETAIN_SELF = YES;
				CLANG_WARN_OBJC_LITERAL_CONVERSION = YES;
				CLANG_WARN_OBJC_ROOT_CLASS = YES_ERROR;
				CLANG_WARN_QUOTED_INCLUDE_IN_FRAMEWORK_HEADER = YES;
				CLANG_WARN_RANGE_LOOP_ANALYSIS = YES;
				CLANG_WARN_STRICT_PROTOTYPES = YES;
				CLANG_WARN_SUSPICIOUS_MOVE = YES;
				CLANG_WARN_UNGUARDED_AVAILABILITY = YES_AGGRESSIVE;
				CLANG_WARN_UNREACHABLE_CODE = YES;
				CLANG_WARN__DUPLICATE_METHOD_MATCH = YES;
				COPY_PHASE_STRIP = NO;
				DEBUG_INFORMATION_FORMAT = dwarf;
				ENABLE_STRICT_OBJC_MSGSEND = YES;
				ENABLE_TESTABILITY = YES;
				GCC_C_LANGUAGE_STANDARD = gnu11;
				GCC_DYNAMIC_NO_PIC = NO;
				GCC_NO_COMMON_BLOCKS = YES;
				GCC_OPTIMIZATION_LEVEL = 0;
				GCC_PREPROCESSOR_DEFINITIONS = (
					"DEBUG=1",
					"$(inherited)",
				);
				GCC_WARN_64_TO_32_BIT_CONVERSION = YES;
				GCC_WARN_ABOUT_RETURN_TYPE = YES_ERROR;
				GCC_WARN_UNDECLARED_SELECTOR = YES;
				GCC_WARN_UNINITIALIZED_AUTOS = YES_AGGRESSIVE;
				GCC_WARN_UNUSED_FUNCTION = YES;
				GCC_WARN_UNUSED_VARIABLE = YES;
				IPHONEOS_DEPLOYMENT_TARGET = 15.5;
				MTL_ENABLE_DEBUG_INFO = INCLUDE_SOURCE;
				MTL_FAST_MATH = YES;
				ONLY_ACTIVE_ARCH = YES;
				SDKROOT = iphoneos;
				SWIFT_ACTIVE_COMPILATION_CONDITIONS = DEBUG;
				SWIFT_OPTIMIZATION_LEVEL = "-Onone";
			};
			name = Debug;
		};
		43B925A928A2565600460280 /* Release */ = {
			isa = XCBuildConfiguration;
			buildSettings = {
				ALWAYS_SEARCH_USER_PATHS = NO;
				CLANG_ANALYZER_NONNULL = YES;
				CLANG_ANALYZER_NUMBER_OBJECT_CONVERSION = YES_AGGRESSIVE;
				CLANG_CXX_LANGUAGE_STANDARD = "gnu++17";
				CLANG_ENABLE_MODULES = YES;
				CLANG_ENABLE_OBJC_ARC = YES;
				CLANG_ENABLE_OBJC_WEAK = YES;
				CLANG_WARN_BLOCK_CAPTURE_AUTORELEASING = YES;
				CLANG_WARN_BOOL_CONVERSION = YES;
				CLANG_WARN_COMMA = YES;
				CLANG_WARN_CONSTANT_CONVERSION = YES;
				CLANG_WARN_DEPRECATED_OBJC_IMPLEMENTATIONS = YES;
				CLANG_WARN_DIRECT_OBJC_ISA_USAGE = YES_ERROR;
				CLANG_WARN_DOCUMENTATION_COMMENTS = YES;
				CLANG_WARN_EMPTY_BODY = YES;
				CLANG_WARN_ENUM_CONVERSION = YES;
				CLANG_WARN_INFINITE_RECURSION = YES;
				CLANG_WARN_INT_CONVERSION = YES;
				CLANG_WARN_NON_LITERAL_NULL_CONVERSION = YES;
				CLANG_WARN_OBJC_IMPLICIT_RETAIN_SELF = YES;
				CLANG_WARN_OBJC_LITERAL_CONVERSION = YES;
				CLANG_WARN_OBJC_ROOT_CLASS = YES_ERROR;
				CLANG_WARN_QUOTED_INCLUDE_IN_FRAMEWORK_HEADER = YES;
				CLANG_WARN_RANGE_LOOP_ANALYSIS = YES;
				CLANG_WARN_STRICT_PROTOTYPES = YES;
				CLANG_WARN_SUSPICIOUS_MOVE = YES;
				CLANG_WARN_UNGUARDED_AVAILABILITY = YES_AGGRESSIVE;
				CLANG_WARN_UNREACHABLE_CODE = YES;
				CLANG_WARN__DUPLICATE_METHOD_MATCH = YES;
				COPY_PHASE_STRIP = NO;
				DEBUG_INFORMATION_FORMAT = "dwarf-with-dsym";
				ENABLE_NS_ASSERTIONS = NO;
				ENABLE_STRICT_OBJC_MSGSEND = YES;
				GCC_C_LANGUAGE_STANDARD = gnu11;
				GCC_NO_COMMON_BLOCKS = YES;
				GCC_WARN_64_TO_32_BIT_CONVERSION = YES;
				GCC_WARN_ABOUT_RETURN_TYPE = YES_ERROR;
				GCC_WARN_UNDECLARED_SELECTOR = YES;
				GCC_WARN_UNINITIALIZED_AUTOS = YES_AGGRESSIVE;
				GCC_WARN_UNUSED_FUNCTION = YES;
				GCC_WARN_UNUSED_VARIABLE = YES;
				IPHONEOS_DEPLOYMENT_TARGET = 15.5;
				MTL_ENABLE_DEBUG_INFO = NO;
				MTL_FAST_MATH = YES;
				SDKROOT = iphoneos;
				SWIFT_COMPILATION_MODE = wholemodule;
				SWIFT_OPTIMIZATION_LEVEL = "-O";
				VALIDATE_PRODUCT = YES;
			};
			name = Release;
		};
		43B925AB28A2565600460280 /* Debug */ = {
			isa = XCBuildConfiguration;
			buildSettings = {
				ASSETCATALOG_COMPILER_APPICON_NAME = AppIcon;
				ASSETCATALOG_COMPILER_GLOBAL_ACCENT_COLOR_NAME = AccentColor;
				CODE_SIGN_STYLE = Automatic;
				CURRENT_PROJECT_VERSION = 1;
				DEVELOPMENT_ASSET_PATHS = "\"IOS15App/Preview Content\"";
				DEVELOPMENT_TEAM = 9GXLB7L68F;
				ENABLE_PREVIEWS = YES;
				GENERATE_INFOPLIST_FILE = YES;
				INFOPLIST_KEY_UIApplicationSceneManifest_Generation = YES;
				INFOPLIST_KEY_UIApplicationSupportsIndirectInputEvents = YES;
				INFOPLIST_KEY_UILaunchScreen_Generation = YES;
				INFOPLIST_KEY_UISupportedInterfaceOrientations_iPad = "UIInterfaceOrientationPortrait UIInterfaceOrientationPortraitUpsideDown UIInterfaceOrientationLandscapeLeft UIInterfaceOrientationLandscapeRight";
				INFOPLIST_KEY_UISupportedInterfaceOrientations_iPhone = "UIInterfaceOrientationPortrait UIInterfaceOrientationLandscapeLeft UIInterfaceOrientationLandscapeRight";
				IPHONEOS_DEPLOYMENT_TARGET = 15.5;
				LD_RUNPATH_SEARCH_PATHS = (
					"$(inherited)",
					"@executable_path/Frameworks",
				);
				MARKETING_VERSION = 1.0;
				PRODUCT_BUNDLE_IDENTIFIER = pae.IOS15App;
				PRODUCT_NAME = Hub;
				SWIFT_EMIT_LOC_STRINGS = YES;
				SWIFT_VERSION = 5.0;
				TARGETED_DEVICE_FAMILY = "1,2";
			};
			name = Debug;
		};
		43B925AC28A2565600460280 /* Release */ = {
			isa = XCBuildConfiguration;
			buildSettings = {
				ASSETCATALOG_COMPILER_APPICON_NAME = AppIcon;
				ASSETCATALOG_COMPILER_GLOBAL_ACCENT_COLOR_NAME = AccentColor;
				CODE_SIGN_STYLE = Automatic;
				CURRENT_PROJECT_VERSION = 1;
				DEVELOPMENT_ASSET_PATHS = "\"IOS15App/Preview Content\"";
				DEVELOPMENT_TEAM = 9GXLB7L68F;
				ENABLE_PREVIEWS = YES;
				GENERATE_INFOPLIST_FILE = YES;
				INFOPLIST_KEY_UIApplicationSceneManifest_Generation = YES;
				INFOPLIST_KEY_UIApplicationSupportsIndirectInputEvents = YES;
				INFOPLIST_KEY_UILaunchScreen_Generation = YES;
				INFOPLIST_KEY_UISupportedInterfaceOrientations_iPad = "UIInterfaceOrientationPortrait UIInterfaceOrientationPortraitUpsideDown UIInterfaceOrientationLandscapeLeft UIInterfaceOrientationLandscapeRight";
				INFOPLIST_KEY_UISupportedInterfaceOrientations_iPhone = "UIInterfaceOrientationPortrait UIInterfaceOrientationLandscapeLeft UIInterfaceOrientationLandscapeRight";
				IPHONEOS_DEPLOYMENT_TARGET = 15.5;
				LD_RUNPATH_SEARCH_PATHS = (
					"$(inherited)",
					"@executable_path/Frameworks",
				);
				MARKETING_VERSION = 1.0;
				PRODUCT_BUNDLE_IDENTIFIER = pae.IOS15App;
				PRODUCT_NAME = Hub;
				SWIFT_EMIT_LOC_STRINGS = YES;
				SWIFT_VERSION = 5.0;
				TARGETED_DEVICE_FAMILY = "1,2";
			};
			name = Release;
		};
		43B925AE28A2565600460280 /* Debug */ = {
			isa = XCBuildConfiguration;
			buildSettings = {
				ALWAYS_EMBED_SWIFT_STANDARD_LIBRARIES = YES;
				BUNDLE_LOADER = "$(TEST_HOST)";
				CODE_SIGN_STYLE = Automatic;
				CURRENT_PROJECT_VERSION = 1;
				DEVELOPMENT_TEAM = 8K52FAQ674;
				GENERATE_INFOPLIST_FILE = YES;
				IPHONEOS_DEPLOYMENT_TARGET = 15.5;
				MARKETING_VERSION = 1.0;
				PRODUCT_BUNDLE_IDENTIFIER = pae.IOS15AppTests;
				PRODUCT_NAME = "$(TARGET_NAME)";
				SWIFT_EMIT_LOC_STRINGS = NO;
				SWIFT_VERSION = 5.0;
				TARGETED_DEVICE_FAMILY = "1,2";
				TEST_HOST = "$(BUILT_PRODUCTS_DIR)/IOS15App.app/IOS15App";
			};
			name = Debug;
		};
		43B925AF28A2565600460280 /* Release */ = {
			isa = XCBuildConfiguration;
			buildSettings = {
				ALWAYS_EMBED_SWIFT_STANDARD_LIBRARIES = YES;
				BUNDLE_LOADER = "$(TEST_HOST)";
				CODE_SIGN_STYLE = Automatic;
				CURRENT_PROJECT_VERSION = 1;
				DEVELOPMENT_TEAM = 8K52FAQ674;
				GENERATE_INFOPLIST_FILE = YES;
				IPHONEOS_DEPLOYMENT_TARGET = 15.5;
				MARKETING_VERSION = 1.0;
				PRODUCT_BUNDLE_IDENTIFIER = pae.IOS15AppTests;
				PRODUCT_NAME = "$(TARGET_NAME)";
				SWIFT_EMIT_LOC_STRINGS = NO;
				SWIFT_VERSION = 5.0;
				TARGETED_DEVICE_FAMILY = "1,2";
				TEST_HOST = "$(BUILT_PRODUCTS_DIR)/IOS15App.app/IOS15App";
			};
			name = Release;
		};
		43B925B128A2565600460280 /* Debug */ = {
			isa = XCBuildConfiguration;
			buildSettings = {
				ALWAYS_EMBED_SWIFT_STANDARD_LIBRARIES = YES;
				CODE_SIGN_STYLE = Automatic;
				CURRENT_PROJECT_VERSION = 1;
				DEVELOPMENT_TEAM = 8K52FAQ674;
				GENERATE_INFOPLIST_FILE = YES;
				MARKETING_VERSION = 1.0;
				PRODUCT_BUNDLE_IDENTIFIER = pae.IOS15AppUITests;
				PRODUCT_NAME = "$(TARGET_NAME)";
				SWIFT_EMIT_LOC_STRINGS = NO;
				SWIFT_VERSION = 5.0;
				TARGETED_DEVICE_FAMILY = "1,2";
				TEST_TARGET_NAME = IOS15App;
			};
			name = Debug;
		};
		43B925B228A2565600460280 /* Release */ = {
			isa = XCBuildConfiguration;
			buildSettings = {
				ALWAYS_EMBED_SWIFT_STANDARD_LIBRARIES = YES;
				CODE_SIGN_STYLE = Automatic;
				CURRENT_PROJECT_VERSION = 1;
				DEVELOPMENT_TEAM = 8K52FAQ674;
				GENERATE_INFOPLIST_FILE = YES;
				MARKETING_VERSION = 1.0;
				PRODUCT_BUNDLE_IDENTIFIER = pae.IOS15AppUITests;
				PRODUCT_NAME = "$(TARGET_NAME)";
				SWIFT_EMIT_LOC_STRINGS = NO;
				SWIFT_VERSION = 5.0;
				TARGETED_DEVICE_FAMILY = "1,2";
				TEST_TARGET_NAME = IOS15App;
			};
			name = Release;
		};
/* End XCBuildConfiguration section */

/* Begin XCConfigurationList section */
		43B9258128A2565300460280 /* Build configuration list for PBXProject "IOS15App" */ = {
			isa = XCConfigurationList;
			buildConfigurations = (
				43B925A828A2565600460280 /* Debug */,
				43B925A928A2565600460280 /* Release */,
			);
			defaultConfigurationIsVisible = 0;
			defaultConfigurationName = Release;
		};
		43B925AA28A2565600460280 /* Build configuration list for PBXNativeTarget "IOS15App" */ = {
			isa = XCConfigurationList;
			buildConfigurations = (
				43B925AB28A2565600460280 /* Debug */,
				43B925AC28A2565600460280 /* Release */,
			);
			defaultConfigurationIsVisible = 0;
			defaultConfigurationName = Release;
		};
		43B925AD28A2565600460280 /* Build configuration list for PBXNativeTarget "IOS15AppTests" */ = {
			isa = XCConfigurationList;
			buildConfigurations = (
				43B925AE28A2565600460280 /* Debug */,
				43B925AF28A2565600460280 /* Release */,
			);
			defaultConfigurationIsVisible = 0;
			defaultConfigurationName = Release;
		};
		43B925B028A2565600460280 /* Build configuration list for PBXNativeTarget "IOS15AppUITests" */ = {
			isa = XCConfigurationList;
			buildConfigurations = (
				43B925B128A2565600460280 /* Debug */,
				43B925B228A2565600460280 /* Release */,
			);
			defaultConfigurationIsVisible = 0;
			defaultConfigurationName = Release;
		};
/* End XCConfigurationList section */
	};
	rootObject = 43B9257E28A2565300460280 /* Project object */;
}
